intent: github.com/triplem/xeno#176
phase: 03-implementation
created: "2026-10-03T11:38:55Z"
schema_version: "1.0"
runner_version: 0.1.0-dev+bdf4e26.dirty
plugin_version: 0.1.0-dev
predecessor_artifacts_hash: cbbf1e8aaa45a2e8c8fddd85eeea2ea780359df02d02ea36aa253f8d896d8b02
evidence_source: ci
template_source: plugin
repo_commit: bdf4e26782af73df7180ca8d5e2d83fd40b7f9e0
rules_applied:
    - path: .xeno/plugin/rules/given/builtin/deviations-are-traceable.yaml
      version: 1
    - path: .xeno/plugin/rules/given/builtin/interface-change-needs-a-migration-note.yaml
      version: 1
    - path: .xeno/plugin/rules/given/builtin/new-dependency-needs-a-rationale.yaml
      version: 1
    - path: .xeno/plugin/rules/given/builtin/release-notes-are-filled.yaml
      version: 1
