intent: github.com/triplem/xeno#108
phase: 01-requirements
created: "2026-09-28T16:56:41Z"
schema_version: "1.0"
runner_version: 0.1.0-dev+023193e.dirty
plugin_version: 0.1.0-dev
predecessor_artifacts_hash: df2de864ccf5921bea0678c50ed3c8ba8c768ff2ef1c11cc399db3c7fdd58f43
evidence_source: ci
template_source: plugin
