intent: github.com/triplem/xeno#199
phase: 03-implementation
created: "2026-10-03T18:23:59Z"
schema_version: "1.0"
runner_version: dev+a897f2a.dirty
plugin_version: 0.0.0-dev
predecessor_artifacts_hash: 943ec85c60f4db0087c22cb7c8f7b5ad6e4e495d4db139c4ecff2633fad45463
evidence_source: ci
template_source: plugin
repo_commit: a897f2acc966c8a946b81e38e3269294da1cbbd5
rules_applied:
    - path: .xeno/plugin/rules/given/builtin/deviations-are-traceable.yaml
      version: 1
    - path: .xeno/plugin/rules/given/builtin/interface-change-needs-a-migration-note.yaml
      version: 1
    - path: .xeno/plugin/rules/given/builtin/new-dependency-needs-a-rationale.yaml
      version: 1
    - path: .xeno/plugin/rules/given/builtin/release-notes-are-filled.yaml
      version: 1
plugin:
    version: 0.0.0-dev
    sha256: 4061426ddff42b6f1eb969fe8dc1ca16fa85a71823649d0b619604d8f8c41648
