intent: github.com/triplem/xeno#120
phase: 04-verification
created: "2026-09-29T06:03:17Z"
schema_version: "1.0"
runner_version: 0.1.0-dev+ad0a764.dirty
plugin_version: 0.1.0-dev
predecessor_artifacts_hash: 9e815819097c93ae7086e1bb8c7ad66c8225cdea154e5558426f108ed116e7ef
evidence_source: ci
template_source: plugin
