intent: github.com/triplem/xeno#156
phase: 01-requirements
created: "2026-10-01T14:36:38Z"
schema_version: "1.0"
runner_version: 0.1.0-dev+2dd4dc9.dirty
plugin_version: 0.1.0-dev
predecessor_artifacts_hash: 1fdb56a51f20bf6010a402eee267529863eb3f148f86b4f8c54909fd3edc9607
evidence_source: ci
template_source: plugin
