intent: github.com/triplem/xeno#109
phase: 02-design
created: "2026-09-29T18:36:48Z"
schema_version: "1.0"
runner_version: 0.1.0-dev+3ec2429.dirty
plugin_version: 0.1.0-dev
predecessor_artifacts_hash: 7fdf4b23c169efd53a661d6a1236cae8f6d5e50a88c11000b02cf8ad7e11d2ed
evidence_source: ci
template_source: plugin
