intent: github.com/triplem/xeno#260
phase: 03-implementation
created: "2026-10-06T09:15:43Z"
schema_version: "1.0"
runner_version: dev+081da51
plugin_version: 0.0.0-dev
predecessor_artifacts_hash: 95f4f7aebe27a40184e067bf75b09059d4d64e90b6cb36a05b4488031b2cbd84
evidence_source: ci
template_source: plugin
repo_commit: 081da5186c06f6d996e610c9fbee8b8b917a000e
files:
    - path: .github/workflows/audit.yml
      sha256: 01da2a5f53dff09a3be2f3b98871b04be52183533bc6c60be86abb28fc817d32
      bytes: 6052
    - path: .github/workflows/release.yml
      sha256: 41491f7fe4a7f59990fcbc70f493715c7762f0e9166be3a883c7f615a973cb58
      bytes: 11248
    - path: .github/npm-audit-baseline.json
      sha256: 9a30f468520fdb1b66a3ea4104d710a2fd687a935e5da7aaf961257a282c5fad
      bytes: 2488
    - path: docs/supply-chain.md
      sha256: 94a2960be1bb7b544378a9d39f26da9989bbf473e8ab22f5df7a3421733f40e9
      bytes: 9564
    - path: docs/assumptions.md
      sha256: 3670968bb9c64b684afbfe52c11b461778813d2092936e11f0b654d432e828ba
      bytes: 93171
    - path: docs/process-definition.md
      sha256: f4d1d36fe7cc07136cab49f646fdfd8f6d6ffdd8ad39a28efc7e479eca0c256a
      bytes: 128330
    - path: CLAUDE.md
      sha256: 549865a1bfc7ea40f1f6dc45d750d7ec31cd8a93204401bcc39fdf862d180d06
      bytes: 5529
rules_applied:
    - path: .xeno/plugin/rules/given/builtin/deviations-are-traceable.yaml
      version: 1
    - path: .xeno/plugin/rules/given/builtin/interface-change-needs-a-migration-note.yaml
      version: 1
    - path: .xeno/plugin/rules/given/builtin/new-dependency-needs-a-rationale.yaml
      version: 1
    - path: .xeno/plugin/rules/given/builtin/release-notes-are-filled.yaml
      version: 1
plugin:
    version: 0.0.0-dev
    sha256: 1c9bd14a9a68ba4e847dcdb08d180d84e3c2e044cd801e58ca85f89d035acf17
