intent: github.com/triplem/xeno#121
phase: 05-review
created: "2026-09-28T19:45:41Z"
schema_version: "1.0"
runner_version: 0.1.0-dev+c2ba6b1.dirty
plugin_version: 0.1.0-dev
predecessor_artifacts_hash: 44ce3038b215a335dbb0737c67d0f2b776bb58c57a8b037a49bd54bddbe9c433
evidence_source: ci
template_source: plugin
