intent: github.com/triplem/xeno#172
phase: 05-review
created: "2026-10-03T10:40:29Z"
schema_version: "1.0"
runner_version: 0.1.0-dev+f001058.dirty
plugin_version: 0.1.0-dev
predecessor_artifacts_hash: d6c77a91c9371536997bb85b4e0a60dad53c45855c32964e699e870df5e7a600
evidence_source: ci
template_source: plugin
repo_commit: f0010586de8be410d50462b8e33458b858ec3083
rules_applied:
    - path: .xeno/plugin/rules/given/builtin/deviations-are-traceable.yaml
      version: 1
    - path: .xeno/plugin/rules/given/builtin/interface-change-needs-a-migration-note.yaml
      version: 1
    - path: .xeno/plugin/rules/given/builtin/new-dependency-needs-a-rationale.yaml
      version: 1
    - path: .xeno/plugin/rules/given/builtin/release-notes-are-filled.yaml
      version: 1
