intent: github.com/triplem/xeno#256
phase: 00-intake
created: "2026-10-06T08:34:02Z"
schema_version: "1.0"
runner_version: dev+5163d1b
plugin_version: 0.0.0-dev
evidence_source: ci
template_source: plugin
repo_commit: 5163d1b530f7ef22dfa994c2518d7fb6a0bf3354
rules_applied:
    - path: .xeno/plugin/rules/given/builtin/deviations-are-traceable.yaml
      version: 1
    - path: .xeno/plugin/rules/given/builtin/interface-change-needs-a-migration-note.yaml
      version: 1
    - path: .xeno/plugin/rules/given/builtin/new-dependency-needs-a-rationale.yaml
      version: 1
    - path: .xeno/plugin/rules/given/builtin/release-notes-are-filled.yaml
      version: 1
plugin:
    version: 0.0.0-dev
    sha256: 1c9bd14a9a68ba4e847dcdb08d180d84e3c2e044cd801e58ca85f89d035acf17
