intent: github.com/triplem/xeno#212
phase: 00-intake
created: "2026-10-05T15:47:42Z"
schema_version: "1.0"
runner_version: dev+09e2aa6
plugin_version: 0.0.0-dev
evidence_source: ci
template_source: plugin
repo_commit: 97d07dae2451c3c0a801dfc9b3ac5281ab575d47
rules_applied:
    - path: .xeno/plugin/rules/given/builtin/deviations-are-traceable.yaml
      version: 1
    - path: .xeno/plugin/rules/given/builtin/interface-change-needs-a-migration-note.yaml
      version: 1
    - path: .xeno/plugin/rules/given/builtin/new-dependency-needs-a-rationale.yaml
      version: 1
    - path: .xeno/plugin/rules/given/builtin/release-notes-are-filled.yaml
      version: 1
plugin:
    version: 0.0.0-dev
    sha256: 1c9bd14a9a68ba4e847dcdb08d180d84e3c2e044cd801e58ca85f89d035acf17
