intent: github.com/triplem/xeno#128
phase: 01-requirements
created: "2026-09-29T09:30:06Z"
schema_version: "1.0"
runner_version: 0.1.0-dev+38430d4.dirty
plugin_version: 0.1.0-dev
predecessor_artifacts_hash: fafec796c9385f829181d0df0d9f014322387abe2a8f8a852bca6b17c92d2115
evidence_source: ci
template_source: plugin
