intent: github.com/triplem/xeno#65
phase: 03-implementation
created: "2026-09-29T11:33:51Z"
schema_version: "1.0"
runner_version: 0.1.0-dev+edd2b2e.dirty
plugin_version: 0.1.0-dev
predecessor_artifacts_hash: 6e071125a0d66110293ab9045210bb972cb81dd197c072c02972d687f87b7fcb
evidence_source: ci
template_source: plugin
