intent: github.com/triplem/xeno#171
phase: 02-design
created: "2026-10-03T09:44:58Z"
schema_version: "1.0"
runner_version: 0.1.0-dev+ea0cb1c.dirty
plugin_version: 0.1.0-dev
predecessor_artifacts_hash: 25ff35dd91877b031fd6951ab9aa3ab064e30e9a9824a26e3a2b3e0a1e36c633
evidence_source: ci
template_source: plugin
