intent: github.com/triplem/xeno#1
phase: 04-verification
created: "2026-10-03T10:23:18Z"
schema_version: "1.0"
runner_version: 0.1.0-dev+ea0cb1c.dirty
plugin_version: 0.1.0-dev
predecessor_artifacts_hash: 183f43cb93a053ea46d690a4526ccc5ff2e4d45c6d0cf7eb5b85de6f08396f35
evidence_source: ci
template_source: plugin
repo_commit: ea0cb1c3dfbddbc6eeee1a696286e13fc28247c6
rules_applied:
    - path: .xeno/plugin/rules/given/builtin/deviations-are-traceable.yaml
      version: 1
    - path: .xeno/plugin/rules/given/builtin/interface-change-needs-a-migration-note.yaml
      version: 1
    - path: .xeno/plugin/rules/given/builtin/new-dependency-needs-a-rationale.yaml
      version: 1
    - path: .xeno/plugin/rules/given/builtin/release-notes-are-filled.yaml
      version: 1
