intent: github.com/triplem/xeno#156
phase: 02-design
created: "2026-10-01T14:37:49Z"
schema_version: "1.0"
runner_version: 0.1.0-dev+2dd4dc9.dirty
plugin_version: 0.1.0-dev
predecessor_artifacts_hash: c31a6a0b020bba9429537f546c38599efbbdfacd741408c90939706eb80843bd
evidence_source: ci
template_source: plugin
