intent: github.com/triplem/xeno#65
phase: 02-design
created: "2026-09-29T11:33:20Z"
schema_version: "1.0"
runner_version: 0.1.0-dev+edd2b2e.dirty
plugin_version: 0.1.0-dev
predecessor_artifacts_hash: c2c58b1c953bf23edb5f8b07ecec5458c588fd825ddedab600cd9c96d3f24862
evidence_source: ci
template_source: plugin
