intent: github.com/triplem/xeno#190
phase: 01-requirements
created: "2026-10-03T14:02:09Z"
schema_version: "1.0"
runner_version: 0.1.0-dev+74553ad.dirty
plugin_version: 0.1.0-dev
predecessor_artifacts_hash: 038b2381211636ff29b039396e40ee7e8c3243d8a73765d747c7ad14fb45137f
evidence_source: ci
template_source: plugin
repo_commit: 74553adaba7344204fd6c817303bfba8ea387fba
rules_applied:
    - path: .xeno/plugin/rules/given/builtin/deviations-are-traceable.yaml
      version: 1
    - path: .xeno/plugin/rules/given/builtin/interface-change-needs-a-migration-note.yaml
      version: 1
    - path: .xeno/plugin/rules/given/builtin/new-dependency-needs-a-rationale.yaml
      version: 1
    - path: .xeno/plugin/rules/given/builtin/release-notes-are-filled.yaml
      version: 1
