intent: github.com/triplem/xeno#239
phase: 03-implementation
created: "2026-10-05T08:57:41Z"
schema_version: "1.0"
runner_version: dev+3f5ad34
plugin_version: 0.0.0-dev
predecessor_artifacts_hash: 6365d9e9b38127a350308afc704dc8a1ecf13bc637df235f7179771f4b2c47c7
evidence_source: ci
template_source: plugin
repo_commit: 3f5ad34b61cb0ae20b48951a6741dad1c1ca0d0e
files:
    - path: docs/process-definition.md
      sha256: f4d1d36fe7cc07136cab49f646fdfd8f6d6ffdd8ad39a28efc7e479eca0c256a
      bytes: 128330
    - path: docs/implementation-plan.md
      sha256: 0babcd9497640873db888c4bf54e696f7fb45e7e519730827fbca45f1303ae63
      bytes: 122407
    - path: CLAUDE.md
      sha256: 08eb1afab05fde524969d2ac7af7a098b5a5e79a2992a8aeb37c0b6c6b42188d
      bytes: 4178
    - path: CONTRIBUTING.md
      sha256: 6bf80b769cbc4e7704fe538415b59af49932f0d5d17d55478a7a06b6f48f03fe
      bytes: 7621
    - path: README.md
      sha256: 79832d8f36770c12a2a6358d06e6e3fe5941c8355970ebe946fd549766fd7928
      bytes: 11350
    - path: .github/workflows/audit.yml
      sha256: 01da2a5f53dff09a3be2f3b98871b04be52183533bc6c60be86abb28fc817d32
      bytes: 6052
    - path: .github/workflows/gitleaks.yml
      sha256: e41de797bb5f23a0a0187cc935dbf48d11487174258d637a9a1046523e2c5dcd
      bytes: 5314
    - path: .github/workflows/release.yml
      sha256: 51900b5ab29dd572e324d6fa4c3cbc902d6d1f6ac7e9d962df625a9b030eef88
      bytes: 10602
    - path: .github/workflows/semgrep.yml
      sha256: f89e3b81c7041755b10873496c5b34a3451fccf2b172e13a0b8046781b6f168b
      bytes: 4740
    - path: .github/workflows/trivy.yml
      sha256: c9167af759378be230e7e50de090f5adcac056c4286bee20c5b2b3b11247dced
      bytes: 6345
    - path: .github/workflows/xeno.yml
      sha256: 5a41ef8c31e82b171dd7be6a8601589631688c8130f6a1ff0ad8bece3864cc7a
      bytes: 13699
    - path: internal/runner/exchange.go
      sha256: db96ddaab5a326aca2e521402f1ed87368efeb3f9fa54cf5c2ac623a2b372a45
      bytes: 9075
rules_applied:
    - path: .xeno/plugin/rules/given/builtin/deviations-are-traceable.yaml
      version: 1
    - path: .xeno/plugin/rules/given/builtin/interface-change-needs-a-migration-note.yaml
      version: 1
    - path: .xeno/plugin/rules/given/builtin/new-dependency-needs-a-rationale.yaml
      version: 1
    - path: .xeno/plugin/rules/given/builtin/release-notes-are-filled.yaml
      version: 1
plugin:
    version: 0.0.0-dev
    sha256: 69f5a05767c1a6dd0260f05d714ff11d757e5aef6f4358411f66d0848f8486da
