intent: github.com/triplem/xeno#120
phase: 03-implementation
created: "2026-09-29T05:59:57Z"
schema_version: "1.0"
runner_version: 0.1.0-dev+ad0a764.dirty
plugin_version: 0.1.0-dev
predecessor_artifacts_hash: 4ec25e2a572e90117c4555e1895998e55c4ef2e6642219c633895496776669dc
evidence_source: ci
template_source: plugin
