intent: github.com/triplem/xeno#143
phase: 03-implementation
created: "2026-09-29T20:29:27Z"
schema_version: "1.0"
runner_version: 0.1.0-dev+530ce03.dirty
plugin_version: 0.1.0-dev
predecessor_artifacts_hash: aee7224461d11fcc868d0442afb86081eb4ec14b6a640e2b2127492ab57485e2
evidence_source: ci
template_source: plugin
