intent: github.com/triplem/xeno#190
phase: 03-implementation
created: "2026-10-03T14:03:40Z"
schema_version: "1.0"
runner_version: 0.1.0-dev+74553ad.dirty
plugin_version: 0.1.0-dev
predecessor_artifacts_hash: b4f9a041983917cc48338364bb133ab3863133fa20575425f48b6218c38f743c
evidence_source: ci
template_source: plugin
repo_commit: 74553adaba7344204fd6c817303bfba8ea387fba
rules_applied:
    - path: .xeno/plugin/rules/given/builtin/deviations-are-traceable.yaml
      version: 1
    - path: .xeno/plugin/rules/given/builtin/interface-change-needs-a-migration-note.yaml
      version: 1
    - path: .xeno/plugin/rules/given/builtin/new-dependency-needs-a-rationale.yaml
      version: 1
    - path: .xeno/plugin/rules/given/builtin/release-notes-are-filled.yaml
      version: 1
