intent: github.com/triplem/xeno#108
phase: 05-review
created: "2026-09-28T17:00:44Z"
schema_version: "1.0"
runner_version: 0.1.0-dev+023193e.dirty
plugin_version: 0.1.0-dev
predecessor_artifacts_hash: 1260ee58aac81ddac4708a170ca6f750e1ea9d50f4137e387184277581ec0993
evidence_source: ci
template_source: plugin
