intent: github.com/triplem/xeno#243
phase: 00-intake
created: "2026-10-05T12:34:19Z"
schema_version: "1.0"
runner_version: dev+f2f65d5
plugin_version: 0.0.0-dev
evidence_source: ci
template_source: plugin
repo_commit: f2f65d5c0e8d8bd4146efea8afe7ad326a6f0224
rules_applied:
    - path: .xeno/plugin/rules/given/builtin/deviations-are-traceable.yaml
      version: 1
    - path: .xeno/plugin/rules/given/builtin/interface-change-needs-a-migration-note.yaml
      version: 1
    - path: .xeno/plugin/rules/given/builtin/new-dependency-needs-a-rationale.yaml
      version: 1
    - path: .xeno/plugin/rules/given/builtin/release-notes-are-filled.yaml
      version: 1
plugin:
    version: 0.0.0-dev
    sha256: 69f5a05767c1a6dd0260f05d714ff11d757e5aef6f4358411f66d0848f8486da
