intent: github.com/triplem/xeno#167
phase: 03-implementation
created: "2026-10-01T16:56:03Z"
schema_version: "1.0"
runner_version: 0.1.0-dev+15693cf.dirty
plugin_version: 0.1.0-dev
predecessor_artifacts_hash: dcac17e5b54e4f924442d12f422504eaeb50f8f7358d0d3d5d81f7fd5e807ddd
evidence_source: ci
template_source: plugin
