intent: github.com/triplem/xeno#231
phase: 01-requirements
created: "2026-10-07T09:38:22Z"
schema_version: "1.0"
runner_version: dev+0768c44
plugin_version: 0.0.0-dev
predecessor_artifacts_hash: 5685ebd62a87959717e293ba65d3f31d43c42dc4f809123587cd1ed7d0f45d63
evidence_source: ci
template_source: plugin
repo_commit: 0768c446651ac4d6638a6a227c202cccd05b98a2
files:
    - path: README.md
      sha256: 79832d8f36770c12a2a6358d06e6e3fe5941c8355970ebe946fd549766fd7928
      bytes: 11350
    - path: docs/process-definition.md
      sha256: 13ecd36fca1e9be07eb2cc35d545b1deb26359457113a0446b2cdced31632f31
      bytes: 134657
    - path: docs/implementation-plan.md
      sha256: b21b8fbeb884ffb8f5c38aadbb191ae2ee5eece2505eaf05e0cb07e9cf6440b3
      bytes: 123176
    - path: cmd/xeno/main.go
      sha256: a3583322e6d4ecdf6d848e6c5746b4ff8dca48cdcac451427c1904e1899cf864
      bytes: 39292
    - path: cmd/xeno/main_test.go
      sha256: 3298a54dca97f0407f3bad8cdab0a86221a1fb0a168edec910a99274d577dfa5
      bytes: 29254
    - path: CONTRIBUTING.md
      sha256: 6bf80b769cbc4e7704fe538415b59af49932f0d5d17d55478a7a06b6f48f03fe
      bytes: 7621
    - path: CLAUDE.md
      sha256: 549865a1bfc7ea40f1f6dc45d750d7ec31cd8a93204401bcc39fdf862d180d06
      bytes: 5529
rules_applied:
    - path: .xeno/plugin/rules/given/builtin/deviations-are-traceable.yaml
      version: 1
    - path: .xeno/plugin/rules/given/builtin/interface-change-needs-a-migration-note.yaml
      version: 1
    - path: .xeno/plugin/rules/given/builtin/new-dependency-needs-a-rationale.yaml
      version: 1
    - path: .xeno/plugin/rules/given/builtin/release-notes-are-filled.yaml
      version: 1
plugin:
    version: 0.0.0-dev
    sha256: fb1eab28ecdb813ecedbd2a60437be132b1f9c62d53c5375a2eeb781172715ab
