intent: github.com/triplem/xeno#213
phase: 02-design
created: "2026-10-03T20:05:00Z"
schema_version: "1.0"
runner_version: dev+427eeb7
plugin_version: 0.0.0-dev
predecessor_artifacts_hash: f5134a4cc37d933f7e114f088578e46bd923e0010a50ffda6b80544f4f4cb1e2
evidence_source: ci
template_source: plugin
repo_commit: b2b1f0f5806b9bb15d9d02bb2d92495210dd07af
rules_applied:
    - path: .xeno/plugin/rules/given/builtin/deviations-are-traceable.yaml
      version: 1
    - path: .xeno/plugin/rules/given/builtin/interface-change-needs-a-migration-note.yaml
      version: 1
    - path: .xeno/plugin/rules/given/builtin/new-dependency-needs-a-rationale.yaml
      version: 1
    - path: .xeno/plugin/rules/given/builtin/release-notes-are-filled.yaml
      version: 1
plugin:
    version: 0.0.0-dev
    sha256: 69f5a05767c1a6dd0260f05d714ff11d757e5aef6f4358411f66d0848f8486da
