intent: github.com/triplem/xeno#235
phase: 02-design
created: "2026-10-06T17:52:59Z"
schema_version: "1.0"
runner_version: dev+5276f4b
plugin_version: 0.0.0-dev
predecessor_artifacts_hash: e6bc347ace8ec4f60498a0ba47cdff8a2b4df22399887ac35bd03171e2700834
evidence_source: ci
template_source: plugin
repo_commit: 5276f4b2241f24e8c5584bc3582082f696adeb39
files:
    - path: docs/process-definition.md
      sha256: 8f5d02f1ab09c49bb0dbc4a2d796365f80457d46bcbd93f89c1f9e4f7d8ab642
      bytes: 130527
    - path: internal/gates/gates.go
      sha256: 5df4acfd890847e7dc588c6fa6161d9bc2afd713edeb626049c4a6784efe45d8
      bytes: 89802
    - path: internal/model/model.go
      sha256: 706bcf5a5145b1d6f3b373923020c0099313ea5f09004223c3631b13851b9d09
      bytes: 28102
    - path: docs/clause-readers.md
      sha256: 4999e8918e43031708749f9dd00f38ae19825147bf459b7d9d1e4e382ee7a60b
      bytes: 18267
    - path: docs/assumptions.md
      sha256: 2d14ced99aa740f712c7ec536cdb1e462b30985ee18c118b8c451a49daedd147
      bytes: 93844
    - path: CLAUDE.md
      sha256: 549865a1bfc7ea40f1f6dc45d750d7ec31cd8a93204401bcc39fdf862d180d06
      bytes: 5529
rules_applied:
    - path: .xeno/plugin/rules/given/builtin/deviations-are-traceable.yaml
      version: 1
    - path: .xeno/plugin/rules/given/builtin/interface-change-needs-a-migration-note.yaml
      version: 1
    - path: .xeno/plugin/rules/given/builtin/new-dependency-needs-a-rationale.yaml
      version: 1
    - path: .xeno/plugin/rules/given/builtin/release-notes-are-filled.yaml
      version: 1
plugin:
    version: 0.0.0-dev
    sha256: fb1eab28ecdb813ecedbd2a60437be132b1f9c62d53c5375a2eeb781172715ab
