intent: github.com/triplem/xeno#143
phase: 02-design
created: "2026-09-29T20:28:03Z"
schema_version: "1.0"
runner_version: 0.1.0-dev+530ce03.dirty
plugin_version: 0.1.0-dev
predecessor_artifacts_hash: dfbe5051ece9b3de33de26a1e0a06736ebd34316c467e717465896b3b4cc21b4
evidence_source: ci
template_source: plugin
