intent: github.com/triplem/xeno#107
phase: 04-verification
created: "2026-09-28T18:57:05Z"
schema_version: "1.0"
runner_version: 0.1.0-dev+907c220.dirty
plugin_version: 0.1.0-dev
predecessor_artifacts_hash: c8aab9950cb5a60d135a430caf429b7de19863203b51196c5c221b8f740c5295
evidence_source: ci
template_source: plugin
