intent: github.com/triplem/xeno#167
phase: 04-verification
created: "2026-10-01T16:57:59Z"
schema_version: "1.0"
runner_version: 0.1.0-dev+15693cf.dirty
plugin_version: 0.1.0-dev
predecessor_artifacts_hash: 852c18aafd8635295ebe5d13369915af435b51296f267bc4f6a61dfec308b7e4
evidence_source: ci
template_source: plugin
