intent: github.com/triplem/xeno#118
phase: 02-design
created: "2026-09-28T20:13:04Z"
schema_version: "1.0"
runner_version: 0.1.0-dev+57e9207.dirty
plugin_version: 0.1.0-dev
predecessor_artifacts_hash: ad530244b1df769931a9ca6d2dada1b0760b4af7892293e9393e0306df92a027
evidence_source: ci
template_source: plugin
