intent: github.com/triplem/xeno#325
phase: 02-design
created: "2026-10-08T13:51:38Z"
schema_version: "1.0"
runner_version: dev+042c9bc.dirty
plugin_version: 0.0.0-dev
predecessor_artifacts_hash: 4e2938c6bc16fc2ab9a47a312b049371a24b2c3a2c5b5c44caf66aef834b1909
evidence_source: ci
template_source: project
repo_commit: 042c9bca5efd9824171f991f3ddae64293bc2c5b
files:
    - path: .xeno/plugin/skills/xeno-review/SKILL.md
      sha256: 191796b3fe0a343e46de52546bddc3903278589932fc2df13452b574d7662f25
      bytes: 3301
    - path: internal/runner/review.go
      sha256: 882676a37310c3d72975fb2e7707dc857f906e95c47d65a9e749fa4ef40e59b5
      bytes: 9593
    - path: internal/gates/policy_test.go
      sha256: 0b12a8bff442371a1a790ec10bbba1ee214797c0d79349af694e4ae8ad7fde8c
      bytes: 11959
rules_applied:
    - path: .xeno/plugin/rules/given/builtin/deviations-are-traceable.yaml
      version: 1
    - path: .xeno/plugin/rules/given/builtin/interface-change-needs-a-migration-note.yaml
      version: 1
    - path: .xeno/plugin/rules/given/builtin/new-dependency-needs-a-rationale.yaml
      version: 1
    - path: .xeno/plugin/rules/given/builtin/release-notes-are-filled.yaml
      version: 1
plugin:
    version: 0.0.0-dev
    sha256: 0b070abe6bce8b4bcfc4a25e374e753ad0c24abc1bec1d76ab07c9412e2c5b5e
