intent: github.com/triplem/xeno#120
phase: 02-design
created: "2026-09-29T05:59:42Z"
schema_version: "1.0"
runner_version: 0.1.0-dev+ad0a764.dirty
plugin_version: 0.1.0-dev
predecessor_artifacts_hash: 5aff7a693e50f219b54e6170633af31b3cc8633eba1550d203c2f40fe4c96b12
evidence_source: ci
template_source: plugin
