intent: github.com/triplem/xeno#158
phase: 04-verification
created: "2026-10-01T15:15:03Z"
schema_version: "1.0"
runner_version: 0.1.0-dev+2dd4dc9.dirty
plugin_version: 0.1.0-dev
predecessor_artifacts_hash: 279bd1ba2421b80eaa3d5af0f64349eab91f1344024ea4843db06ac7b0de02cb
evidence_source: ci
template_source: plugin
