intent: github.com/triplem/xeno#118
phase: 01-requirements
created: "2026-09-28T20:12:16Z"
schema_version: "1.0"
runner_version: 0.1.0-dev+57e9207.dirty
plugin_version: 0.1.0-dev
predecessor_artifacts_hash: c2ac27452e9659369fdc188554c2729c1e25980d2af27d3b580c7df1a093fef7
evidence_source: ci
template_source: plugin
