intent: github.com/triplem/xeno#160
phase: 02-design
created: "2026-10-01T15:33:07Z"
schema_version: "1.0"
runner_version: 0.1.0-dev+75f3667.dirty
plugin_version: 0.1.0-dev
predecessor_artifacts_hash: 9b4f185d5e9b04a907cd8424b9449dad3de2ef57957b8928b763bab485f8bf1c
evidence_source: ci
template_source: plugin
