intent: github.com/triplem/xeno#134
phase: 05-review
created: "2026-09-29T18:01:29Z"
schema_version: "1.0"
runner_version: 0.1.0-dev+c05acae.dirty
plugin_version: 0.1.0-dev
predecessor_artifacts_hash: 36b701834283dcc94ef2524c9199256cf5889cbf191b9a2b920a61b2998900e2
evidence_source: ci
template_source: plugin
