intent: github.com/triplem/xeno#325
phase: 00-intake
created: "2026-10-08T13:50:25Z"
schema_version: "1.0"
runner_version: dev+042c9bc.dirty
plugin_version: 0.0.0-dev
evidence_source: ci
template_source: project
repo_commit: 042c9bca5efd9824171f991f3ddae64293bc2c5b
rules_applied:
    - path: .xeno/plugin/rules/given/builtin/deviations-are-traceable.yaml
      version: 1
    - path: .xeno/plugin/rules/given/builtin/interface-change-needs-a-migration-note.yaml
      version: 1
    - path: .xeno/plugin/rules/given/builtin/new-dependency-needs-a-rationale.yaml
      version: 1
    - path: .xeno/plugin/rules/given/builtin/release-notes-are-filled.yaml
      version: 1
plugin:
    version: 0.0.0-dev
    sha256: 0b070abe6bce8b4bcfc4a25e374e753ad0c24abc1bec1d76ab07c9412e2c5b5e
