intent: github.com/triplem/xeno#210
phase: 03-implementation
created: "2026-10-03T19:41:43Z"
schema_version: "1.0"
runner_version: dev+d19a1ca.dirty
plugin_version: 0.0.0-dev
predecessor_artifacts_hash: 11150ab4f234832b95e05e86bf0eafd0a22a96c5d9ef980d3bd2b7b4c6e89f22
evidence_source: ci
template_source: plugin
repo_commit: 9fcc63918139ed5f04f1d8b595149158565fd39d
rules_applied:
    - path: .xeno/plugin/rules/given/builtin/deviations-are-traceable.yaml
      version: 1
    - path: .xeno/plugin/rules/given/builtin/interface-change-needs-a-migration-note.yaml
      version: 1
    - path: .xeno/plugin/rules/given/builtin/new-dependency-needs-a-rationale.yaml
      version: 1
    - path: .xeno/plugin/rules/given/builtin/release-notes-are-filled.yaml
      version: 1
plugin:
    version: 0.0.0-dev
    sha256: 69f5a05767c1a6dd0260f05d714ff11d757e5aef6f4358411f66d0848f8486da
