intent: github.com/triplem/xeno#147
phase: 05-review
created: "2026-09-30T21:26:30Z"
schema_version: "1.0"
runner_version: 0.1.0-dev+0a51653.dirty
plugin_version: 0.1.0-dev
predecessor_artifacts_hash: 36aca197587f200224d91ab16150f90dc7eb7379e40aadc9e8e5e2944973a58b
evidence_source: ci
template_source: plugin
