intent: github.com/triplem/xeno#273
phase: 00-intake
created: "2026-10-07T09:52:37Z"
schema_version: "1.0"
runner_version: dev+0768c44
plugin_version: 0.0.0-dev
evidence_source: ci
template_source: plugin
repo_commit: 0768c446651ac4d6638a6a227c202cccd05b98a2
rules_applied:
    - path: .xeno/plugin/rules/given/builtin/deviations-are-traceable.yaml
      version: 1
    - path: .xeno/plugin/rules/given/builtin/interface-change-needs-a-migration-note.yaml
      version: 1
    - path: .xeno/plugin/rules/given/builtin/new-dependency-needs-a-rationale.yaml
      version: 1
    - path: .xeno/plugin/rules/given/builtin/release-notes-are-filled.yaml
      version: 1
plugin:
    version: 0.0.0-dev
    sha256: fb1eab28ecdb813ecedbd2a60437be132b1f9c62d53c5375a2eeb781172715ab
