intent: github.com/triplem/xeno#95
phase: 00-intake
created: "2026-10-08T14:38:37Z"
schema_version: "1.0"
runner_version: dev+5f12412
plugin_version: 0.0.0-dev
evidence_source: ci
template_source: project
repo_commit: 5f12412e616ea46c2f3cea27b7c2ec6c6b13cead
rules_applied:
    - path: .xeno/plugin/rules/given/builtin/deviations-are-traceable.yaml
      version: 1
    - path: .xeno/plugin/rules/given/builtin/interface-change-needs-a-migration-note.yaml
      version: 1
    - path: .xeno/plugin/rules/given/builtin/new-dependency-needs-a-rationale.yaml
      version: 1
    - path: .xeno/plugin/rules/given/builtin/release-notes-are-filled.yaml
      version: 1
plugin:
    version: 0.0.0-dev
    sha256: 396d5a10cfdd27caddc305737455a9de3bce393acb997ead7058b9d0d723bea7
