intent: github.com/triplem/xeno#121
phase: 03-implementation
created: "2026-09-28T19:41:44Z"
schema_version: "1.0"
runner_version: 0.1.0-dev+c2ba6b1.dirty
plugin_version: 0.1.0-dev
predecessor_artifacts_hash: 5a303b47598d2dbf8268baaf04b551a162a1f1837e359c0de641b47d7e08f28d
evidence_source: ci
template_source: plugin
