intent: github.com/triplem/xeno#127
phase: 04-verification
created: "2026-09-29T06:55:06Z"
schema_version: "1.0"
runner_version: 0.1.0-dev+57acf68.dirty
plugin_version: 0.1.0-dev
predecessor_artifacts_hash: 8ef8098bc380c9e605651e7932c1fae134bbe6135afee01fb472f5bb02d1c562
evidence_source: ci
template_source: plugin
