intent: github.com/triplem/xeno#65
phase: 05-review
created: "2026-09-29T11:41:24Z"
schema_version: "1.0"
runner_version: 0.1.0-dev+edd2b2e.dirty
plugin_version: 0.1.0-dev
predecessor_artifacts_hash: 109de2fa2bbc3626dccbf58dbba0810d7eab1bef60cb6b4ba29a451e4a310d48
evidence_source: ci
template_source: plugin
