intent: github.com/triplem/xeno#165
phase: 05-review
created: "2026-10-01T16:37:33Z"
schema_version: "1.0"
runner_version: 0.1.0-dev+4f94129.dirty
plugin_version: 0.1.0-dev
predecessor_artifacts_hash: 522c6302c9dbf2425e68f3f67e08572b94f9567b4ffd562a0d2b8161fac04359
evidence_source: ci
template_source: plugin
