intent: github.com/triplem/xeno#181
phase: 05-review
created: "2026-10-03T12:42:25Z"
schema_version: "1.0"
runner_version: 0.1.0-dev+6cbeac4.dirty
plugin_version: 0.1.0-dev
predecessor_artifacts_hash: 5040396ca17301807b37968b0662b274c91a5ffd78d4d2604e88f183a15eafdd
evidence_source: ci
template_source: plugin
repo_commit: 6cbeac461e039a9fae4f904577f2c7bd8af59feb
rules_applied:
    - path: .xeno/plugin/rules/given/builtin/deviations-are-traceable.yaml
      version: 1
    - path: .xeno/plugin/rules/given/builtin/interface-change-needs-a-migration-note.yaml
      version: 1
    - path: .xeno/plugin/rules/given/builtin/new-dependency-needs-a-rationale.yaml
      version: 1
    - path: .xeno/plugin/rules/given/builtin/release-notes-are-filled.yaml
      version: 1
