intent: github.com/triplem/xeno#160
phase: 05-review
created: "2026-10-01T15:43:14Z"
schema_version: "1.0"
runner_version: 0.1.0-dev+75f3667.dirty
plugin_version: 0.1.0-dev
predecessor_artifacts_hash: fbc7f2fce58413a5a7866007913f9fb3c0bf37aae277dfede389f07be1b3bfa6
evidence_source: ci
template_source: plugin
