intent: github.com/triplem/xeno#186
phase: 01-requirements
created: "2026-10-03T13:22:11Z"
schema_version: "1.0"
runner_version: 0.1.0-dev+e8f68b1.dirty
plugin_version: 0.1.0-dev
predecessor_artifacts_hash: 6d7b004a85db6941bc9feb51cb9cdfdbdd900581b602d4365544611a367fa525
evidence_source: ci
template_source: plugin
repo_commit: 6c4a1aa18843c6e208e7cb560c4f29230ceedd52
rules_applied:
    - path: .xeno/plugin/rules/given/builtin/deviations-are-traceable.yaml
      version: 1
    - path: .xeno/plugin/rules/given/builtin/interface-change-needs-a-migration-note.yaml
      version: 1
    - path: .xeno/plugin/rules/given/builtin/new-dependency-needs-a-rationale.yaml
      version: 1
    - path: .xeno/plugin/rules/given/builtin/release-notes-are-filled.yaml
      version: 1
